
Microsoft Visual Studio Solution File, Format Version 12.00
# Visual Studio Version 16
VisualStudioVersion = 16.0.32510.428
MinimumVisualStudioVersion = 10.0.40219.1
Project("{FAE04EC0-301F-11D3-BF4B-00C04F79EFBC}") = "Exercicio 03", "Exercicio 03\Exercicio 03.csproj", "{30E9D440-7246-4449-8EB0-B95C054DF029}"
EndProject
Global
	GlobalSection(SolutionConfigurationPlatforms) = preSolution
		Debug|Any CPU = Debug|Any CPU
		Release|Any CPU = Release|Any CPU
	EndGlobalSection
	GlobalSection(ProjectConfigurationPlatforms) = postSolution
		{30E9D440-7246-4449-8EB0-B95C054DF029}.Debug|Any CPU.ActiveCfg = Debug|Any CPU
		{30E9D440-7246-4449-8EB0-B95C054DF029}.Debug|Any CPU.Build.0 = Debug|Any CPU
		{30E9D440-7246-4449-8EB0-B95C054DF029}.Release|Any CPU.ActiveCfg = Release|Any CPU
		{30E9D440-7246-4449-8EB0-B95C054DF029}.Release|Any CPU.Build.0 = Release|Any CPU
	EndGlobalSection
	GlobalSection(SolutionProperties) = preSolution
		HideSolutionNode = FALSE
	EndGlobalSection
	GlobalSection(ExtensibilityGlobals) = postSolution
		SolutionGuid = {38B4193C-A935-40C0-BEC1-B4D1AD57CC93}
	EndGlobalSection
EndGlobal
